
Microsoft Visual Studio Solution File, Format Version 12.00
# Visual Studio Version 17
VisualStudioVersion = 17.1.32228.430
MinimumVisualStudioVersion = 10.0.40219.1
Project("{8BC9CEB8-8B4A-11D0-8D11-00A0C91BC942}") = "лаба3", "лаба3\лаба3.vcxproj", "{EDF1E37B-9CA7-4A68-951F-EA4DD071B27E}"
EndProject
Global
	GlobalSection(SolutionConfigurationPlatforms) = preSolution
		Debug|x64 = Debug|x64
		Debug|x86 = Debug|x86
		Release|x64 = Release|x64
		Release|x86 = Release|x86
	EndGlobalSection
	GlobalSection(ProjectConfigurationPlatforms) = postSolution
		{EDF1E37B-9CA7-4A68-951F-EA4DD071B27E}.Debug|x64.ActiveCfg = Debug|x64
		{EDF1E37B-9CA7-4A68-951F-EA4DD071B27E}.Debug|x64.Build.0 = Debug|x64
		{EDF1E37B-9CA7-4A68-951F-EA4DD071B27E}.Debug|x86.ActiveCfg = Debug|Win32
		{EDF1E37B-9CA7-4A68-951F-EA4DD071B27E}.Debug|x86.Build.0 = Debug|Win32
		{EDF1E37B-9CA7-4A68-951F-EA4DD071B27E}.Release|x64.ActiveCfg = Release|x64
		{EDF1E37B-9CA7-4A68-951F-EA4DD071B27E}.Release|x64.Build.0 = Release|x64
		{EDF1E37B-9CA7-4A68-951F-EA4DD071B27E}.Release|x86.ActiveCfg = Release|Win32
		{EDF1E37B-9CA7-4A68-951F-EA4DD071B27E}.Release|x86.Build.0 = Release|Win32
	EndGlobalSection
	GlobalSection(SolutionProperties) = preSolution
		HideSolutionNode = FALSE
	EndGlobalSection
	GlobalSection(ExtensibilityGlobals) = postSolution
		SolutionGuid = {EDE2AAC8-36B2-4432-B702-FA5F3FAC3AA1}
	EndGlobalSection
EndGlobal
